
Microsoft Visual Studio Solution File, Format Version 12.00
# Visual Studio Version 17
VisualStudioVersion = 17.11.35327.3
MinimumVisualStudioVersion = 10.0.40219.1
Project("{FAE04EC0-301F-11D3-BF4B-00C04F79EFBC}") = "RitaApp", "RitaApp\RitaApp.csproj", "{2CA41AC6-9225-4ADE-9914-F16CC65E1DD2}"
EndProject
Global
	GlobalSection(SolutionConfigurationPlatforms) = preSolution
		Debug|Any CPU = Debug|Any CPU
		Release|Any CPU = Release|Any CPU
	EndGlobalSection
	GlobalSection(ProjectConfigurationPlatforms) = postSolution
		{2CA41AC6-9225-4ADE-9914-F16CC65E1DD2}.Debug|Any CPU.ActiveCfg = Debug|Any CPU
		{2CA41AC6-9225-4ADE-9914-F16CC65E1DD2}.Debug|Any CPU.Build.0 = Debug|Any CPU
		{2CA41AC6-9225-4ADE-9914-F16CC65E1DD2}.Release|Any CPU.ActiveCfg = Release|Any CPU
		{2CA41AC6-9225-4ADE-9914-F16CC65E1DD2}.Release|Any CPU.Build.0 = Release|Any CPU
	EndGlobalSection
	GlobalSection(SolutionProperties) = preSolution
		HideSolutionNode = FALSE
	EndGlobalSection
	GlobalSection(ExtensibilityGlobals) = postSolution
		SolutionGuid = {4C900834-F7F4-46EA-AA59-E73BD5C31701}
	EndGlobalSection
EndGlobal
